
Microsoft Visual Studio Solution File, Format Version 12.00
# Visual Studio Version 16
VisualStudioVersion = 16.0.30621.155
MinimumVisualStudioVersion = 10.0.40219.1
Project("{F184B08F-C81C-45F6-A57F-5ABD9991F28F}") = "LINQ", "LINQ\LINQ.vbproj", "{D2263911-6ECE-4CC4-BC1E-B1803DAED151}"
EndProject
Global
	GlobalSection(SolutionConfigurationPlatforms) = preSolution
		Debug|Any CPU = Debug|Any CPU
		Release|Any CPU = Release|Any CPU
	EndGlobalSection
	GlobalSection(ProjectConfigurationPlatforms) = postSolution
		{D2263911-6ECE-4CC4-BC1E-B1803DAED151}.Debug|Any CPU.ActiveCfg = Debug|Any CPU
		{D2263911-6ECE-4CC4-BC1E-B1803DAED151}.Debug|Any CPU.Build.0 = Debug|Any CPU
		{D2263911-6ECE-4CC4-BC1E-B1803DAED151}.Release|Any CPU.ActiveCfg = Release|Any CPU
		{D2263911-6ECE-4CC4-BC1E-B1803DAED151}.Release|Any CPU.Build.0 = Release|Any CPU
	EndGlobalSection
	GlobalSection(SolutionProperties) = preSolution
		HideSolutionNode = FALSE
	EndGlobalSection
	GlobalSection(ExtensibilityGlobals) = postSolution
		SolutionGuid = {17F63B0F-072F-4C52-91F5-E92ED3AD05B2}
	EndGlobalSection
EndGlobal
