
Microsoft Visual Studio Solution File, Format Version 12.00
# Visual Studio Version 16
VisualStudioVersion = 16.0.31205.134
MinimumVisualStudioVersion = 10.0.40219.1
Project("{F184B08F-C81C-45F6-A57F-5ABD9991F28F}") = "SimpleEncryption", "SimpleEncryption\SimpleEncryption.vbproj", "{0015B458-838C-423D-88D1-A72BA6E04AE6}"
EndProject
Global
	GlobalSection(SolutionConfigurationPlatforms) = preSolution
		Debug|Any CPU = Debug|Any CPU
		Release|Any CPU = Release|Any CPU
	EndGlobalSection
	GlobalSection(ProjectConfigurationPlatforms) = postSolution
		{0015B458-838C-423D-88D1-A72BA6E04AE6}.Debug|Any CPU.ActiveCfg = Debug|Any CPU
		{0015B458-838C-423D-88D1-A72BA6E04AE6}.Debug|Any CPU.Build.0 = Debug|Any CPU
		{0015B458-838C-423D-88D1-A72BA6E04AE6}.Release|Any CPU.ActiveCfg = Release|Any CPU
		{0015B458-838C-423D-88D1-A72BA6E04AE6}.Release|Any CPU.Build.0 = Release|Any CPU
	EndGlobalSection
	GlobalSection(SolutionProperties) = preSolution
		HideSolutionNode = FALSE
	EndGlobalSection
	GlobalSection(ExtensibilityGlobals) = postSolution
		SolutionGuid = {7FD071BA-67A5-461D-B5DE-0B9C5E4730EF}
	EndGlobalSection
EndGlobal
